
Microsoft Visual Studio Solution File, Format Version 12.00
# Visual Studio 14
VisualStudioVersion = 14.0.25123.0
MinimumVisualStudioVersion = 10.0.40219.1
Project("{FAE04EC0-301F-11D3-BF4B-00C04F79EFBC}") = "WindowsFormsApplication2", "WindowsFormsApplication2\WindowsFormsApplication2.csproj", "{42ED9570-076D-406F-BC39-55CF36DD93DD}"
EndProject
Global
	GlobalSection(SolutionConfigurationPlatforms) = preSolution
		Debug|Any CPU = Debug|Any CPU
		Release|Any CPU = Release|Any CPU
	EndGlobalSection
	GlobalSection(ProjectConfigurationPlatforms) = postSolution
		{42ED9570-076D-406F-BC39-55CF36DD93DD}.Debug|Any CPU.ActiveCfg = Debug|Any CPU
		{42ED9570-076D-406F-BC39-55CF36DD93DD}.Debug|Any CPU.Build.0 = Debug|Any CPU
		{42ED9570-076D-406F-BC39-55CF36DD93DD}.Release|Any CPU.ActiveCfg = Release|Any CPU
		{42ED9570-076D-406F-BC39-55CF36DD93DD}.Release|Any CPU.Build.0 = Release|Any CPU
	EndGlobalSection
	GlobalSection(SolutionProperties) = preSolution
		HideSolutionNode = FALSE
	EndGlobalSection
EndGlobal
